
Microsoft Visual Studio Solution File, Format Version 12.00
# Visual Studio Version 17
VisualStudioVersion = 17.2.32616.157
MinimumVisualStudioVersion = 10.0.40219.1
Project("{FAE04EC0-301F-11D3-BF4B-00C04F79EFBC}") = "ClassExample", "ClassExample\ClassExample.csproj", "{7FFD9382-5BDD-4358-9109-6517C1E79175}"
EndProject
Project("{FAE04EC0-301F-11D3-BF4B-00C04F79EFBC}") = "SMSlibrary", "SMSlibrary\SMSlibrary.csproj", "{44C110BA-1659-4617-BDDD-4F2FD42825A8}"
EndProject
Project("{9A19103F-16F7-4668-BE54-9A1E7A4F7556}") = "MVC-Endtoend", "MVC-Endtoend\MVC-Endtoend.csproj", "{B0D24338-7CED-4A96-9ADD-C8D7F9FC3D41}"
EndProject
Project("{FAE04EC0-301F-11D3-BF4B-00C04F79EFBC}") = "Inhertiance", "Inhertiance\Inhertiance.csproj", "{BF4F4946-F3B4-43D1-A4D1-ACEAA7E9E4CC}"
EndProject
Project("{FAE04EC0-301F-11D3-BF4B-00C04F79EFBC}") = "Polymorphism", "Polymorphism\Polymorphism.csproj", "{F44A0366-AF9A-4F8B-9989-3E3690945F44}"
EndProject
Project("{FAE04EC0-301F-11D3-BF4B-00C04F79EFBC}") = "InterfaceExample", "InterfaceExample\InterfaceExample.csproj", "{16D30F68-8C76-4E8F-BAC3-42CCEF128495}"
EndProject
Global
	GlobalSection(SolutionConfigurationPlatforms) = preSolution
		Debug|Any CPU = Debug|Any CPU
		Release|Any CPU = Release|Any CPU
	EndGlobalSection
	GlobalSection(ProjectConfigurationPlatforms) = postSolution
		{7FFD9382-5BDD-4358-9109-6517C1E79175}.Debug|Any CPU.ActiveCfg = Debug|Any CPU
		{7FFD9382-5BDD-4358-9109-6517C1E79175}.Debug|Any CPU.Build.0 = Debug|Any CPU
		{7FFD9382-5BDD-4358-9109-6517C1E79175}.Release|Any CPU.ActiveCfg = Release|Any CPU
		{7FFD9382-5BDD-4358-9109-6517C1E79175}.Release|Any CPU.Build.0 = Release|Any CPU
		{44C110BA-1659-4617-BDDD-4F2FD42825A8}.Debug|Any CPU.ActiveCfg = Debug|Any CPU
		{44C110BA-1659-4617-BDDD-4F2FD42825A8}.Debug|Any CPU.Build.0 = Debug|Any CPU
		{44C110BA-1659-4617-BDDD-4F2FD42825A8}.Release|Any CPU.ActiveCfg = Release|Any CPU
		{44C110BA-1659-4617-BDDD-4F2FD42825A8}.Release|Any CPU.Build.0 = Release|Any CPU
		{B0D24338-7CED-4A96-9ADD-C8D7F9FC3D41}.Debug|Any CPU.ActiveCfg = Debug|Any CPU
		{B0D24338-7CED-4A96-9ADD-C8D7F9FC3D41}.Debug|Any CPU.Build.0 = Debug|Any CPU
		{B0D24338-7CED-4A96-9ADD-C8D7F9FC3D41}.Release|Any CPU.ActiveCfg = Release|Any CPU
		{B0D24338-7CED-4A96-9ADD-C8D7F9FC3D41}.Release|Any CPU.Build.0 = Release|Any CPU
		{BF4F4946-F3B4-43D1-A4D1-ACEAA7E9E4CC}.Debug|Any CPU.ActiveCfg = Debug|Any CPU
		{BF4F4946-F3B4-43D1-A4D1-ACEAA7E9E4CC}.Debug|Any CPU.Build.0 = Debug|Any CPU
		{BF4F4946-F3B4-43D1-A4D1-ACEAA7E9E4CC}.Release|Any CPU.ActiveCfg = Release|Any CPU
		{BF4F4946-F3B4-43D1-A4D1-ACEAA7E9E4CC}.Release|Any CPU.Build.0 = Release|Any CPU
		{F44A0366-AF9A-4F8B-9989-3E3690945F44}.Debug|Any CPU.ActiveCfg = Debug|Any CPU
		{F44A0366-AF9A-4F8B-9989-3E3690945F44}.Debug|Any CPU.Build.0 = Debug|Any CPU
		{F44A0366-AF9A-4F8B-9989-3E3690945F44}.Release|Any CPU.ActiveCfg = Release|Any CPU
		{F44A0366-AF9A-4F8B-9989-3E3690945F44}.Release|Any CPU.Build.0 = Release|Any CPU
		{16D30F68-8C76-4E8F-BAC3-42CCEF128495}.Debug|Any CPU.ActiveCfg = Debug|Any CPU
		{16D30F68-8C76-4E8F-BAC3-42CCEF128495}.Debug|Any CPU.Build.0 = Debug|Any CPU
		{16D30F68-8C76-4E8F-BAC3-42CCEF128495}.Release|Any CPU.ActiveCfg = Release|Any CPU
		{16D30F68-8C76-4E8F-BAC3-42CCEF128495}.Release|Any CPU.Build.0 = Release|Any CPU
	EndGlobalSection
	GlobalSection(SolutionProperties) = preSolution
		HideSolutionNode = FALSE
	EndGlobalSection
	GlobalSection(ExtensibilityGlobals) = postSolution
		SolutionGuid = {2576F52B-B65B-45D9-A7E7-28E1A84C4DA1}
	EndGlobalSection
EndGlobal
